<Solution>
  <Folder Name="/src/">
    <Project Path="src/Talvora.Abstractions/Talvora.Abstractions.csproj" />
    <Project Path="src/Talvora.Core/Talvora.Core.csproj" />
    <Project Path="src/Talvora.Platform.Windows/Talvora.Platform.Windows.csproj" />
    <Project Path="src/Talvora.Modules.FileSystem/Talvora.Modules.FileSystem.csproj" />
    <Project Path="src/Talvora.Modules.Shell/Talvora.Modules.Shell.csproj" />
    <Project Path="src/Talvora.Modules.Processes/Talvora.Modules.Processes.csproj" />
    <Project Path="src/Talvora.Adapter.Mcp/Talvora.Adapter.Mcp.csproj" />
    <Project Path="src/Talvora.Ipc.Contracts/Talvora.Ipc.Contracts.csproj" />
    <Project Path="src/Talvora.Ipc.Client/Talvora.Ipc.Client.csproj" />
    <Project Path="src/Talvora.ElevatedBroker/Talvora.ElevatedBroker.csproj" />
    <Project Path="src/Talvora.Host/Talvora.Host.csproj" />
  </Folder>
  <Folder Name="/tests/">
    <Project Path="tests/Talvora.Core.Tests/Talvora.Core.Tests.csproj" />
    <Project Path="tests/Talvora.FileSystem.Tests/Talvora.FileSystem.Tests.csproj" />
    <Project Path="tests/Talvora.Shell.Tests/Talvora.Shell.Tests.csproj" />
    <Project Path="tests/Talvora.Architecture.Tests/Talvora.Architecture.Tests.csproj" />
    <Project Path="tests/Talvora.Ipc.Tests/Talvora.Ipc.Tests.csproj" />
  </Folder>
  <Folder Name="/Solution Items/">
    <File Path=".editorconfig" />
    <File Path=".gitignore" />
    <File Path="Directory.Build.props" />
    <File Path="Directory.Packages.props" />
    <File Path="global.json" />
    <File Path="README.md" />
  </Folder>
</Solution>
